{
  "name": "devops-k8s-backend",
  "version": "1.0.0",
  "lockfileVersion": 3,
  "requires": true,
  "packages": {
    "": {
      "name": "devops-k8s-backend",
      "version": "1.0.0",
      "dependencies": {
        "express": "^4.19.2",
        "ioredis": "^5.4.1"
      }
    },
    "node_modules/express": {
      "version": "4.19.2"
    },
    "node_modules/ioredis": {
      "version": "5.4.1"
    }
  }
}
